
Microsoft Visual Studio Solution File, Format Version 12.00
# Visual Studio Version 17
VisualStudioVersion = 17.0.31903.59
MinimumVisualStudioVersion = 10.0.40219.1
Project("{2150E333-8FDC-42A3-9474-1A3956D46DE8}") = "src", "src", "{827E0CD3-B72D-47B6-A68D-7590B98EB39B}"
EndProject
Project("{FAE04EC0-301F-11D3-BF4B-00C04F79EFBC}") = "PetSearchHome.DAL", "src\PetSearchHome.DAL\PetSearchHome.DAL.csproj", "{6ECCD57F-17DE-4FA7-BBFE-094A49E12B46}"
EndProject
Project("{FAE04EC0-301F-11D3-BF4B-00C04F79EFBC}") = "PetSearchHome.BLL", "src\PetSearchHome.BLL\PetSearchHome.BLL.csproj", "{61E51020-2028-4CC9-8299-F55FDCE31020}"
EndProject
Project("{FAE04EC0-301F-11D3-BF4B-00C04F79EFBC}") = "PetSearchHome.Presentation", "src\PetSearchHome.Presentation\PetSearchHome.Presentation.csproj", "{20C33C15-6DD0-4CEC-895E-33261D61BB32}"
EndProject
Project("{FAE04EC0-301F-11D3-BF4B-00C04F79EFBC}") = "PetSearchHome.Tests", "PetSearchHome.Tests\PetSearchHome.Tests.csproj", "{2256145C-A5B1-4089-801B-668CCF0A3D3E}"
EndProject
Project("{2150E333-8FDC-42A3-9474-1A3956D46DE8}") = ".github", ".github", "{02EA681E-C7D8-13C7-8484-4AC65E1B71E8}"
EndProject
Project("{2150E333-8FDC-42A3-9474-1A3956D46DE8}") = "workflows", "workflows", "{023EFB13-7F73-466F-A05D-C5D8301DC35F}"
	ProjectSection(SolutionItems) = preProject
		dotnet.yml = dotnet.yml
	EndProjectSection
EndProject
Project("{2150E333-8FDC-42A3-9474-1A3956D46DE8}") = "tests", "tests", "{0AB3BF05-4346-4AA6-1389-037BE0695223}"
EndProject
Project("{FAE04EC0-301F-11D3-BF4B-00C04F79EFBC}") = "PetSearchHome.Presentation.Tests", "tests\PetSearchHome.Presentation.Tests\PetSearchHome.Presentation.Tests.csproj", "{D15AB2C7-216A-4F51-A540-6E85C96582EE}"
EndProject
Global
	GlobalSection(SolutionConfigurationPlatforms) = preSolution
		Debug|Any CPU = Debug|Any CPU
		Debug|x64 = Debug|x64
		Debug|x86 = Debug|x86
		Release|Any CPU = Release|Any CPU
		Release|x64 = Release|x64
		Release|x86 = Release|x86
	EndGlobalSection
	GlobalSection(ProjectConfigurationPlatforms) = postSolution
		{6ECCD57F-17DE-4FA7-BBFE-094A49E12B46}.Debug|Any CPU.ActiveCfg = Debug|Any CPU
		{6ECCD57F-17DE-4FA7-BBFE-094A49E12B46}.Debug|Any CPU.Build.0 = Debug|Any CPU
		{6ECCD57F-17DE-4FA7-BBFE-094A49E12B46}.Debug|x64.ActiveCfg = Debug|Any CPU
		{6ECCD57F-17DE-4FA7-BBFE-094A49E12B46}.Debug|x64.Build.0 = Debug|Any CPU
		{6ECCD57F-17DE-4FA7-BBFE-094A49E12B46}.Debug|x86.ActiveCfg = Debug|Any CPU
		{6ECCD57F-17DE-4FA7-BBFE-094A49E12B46}.Debug|x86.Build.0 = Debug|Any CPU
		{6ECCD57F-17DE-4FA7-BBFE-094A49E12B46}.Release|Any CPU.ActiveCfg = Release|Any CPU
		{6ECCD57F-17DE-4FA7-BBFE-094A49E12B46}.Release|Any CPU.Build.0 = Release|Any CPU
		{6ECCD57F-17DE-4FA7-BBFE-094A49E12B46}.Release|x64.ActiveCfg = Release|Any CPU
		{6ECCD57F-17DE-4FA7-BBFE-094A49E12B46}.Release|x64.Build.0 = Release|Any CPU
		{6ECCD57F-17DE-4FA7-BBFE-094A49E12B46}.Release|x86.ActiveCfg = Release|Any CPU
		{6ECCD57F-17DE-4FA7-BBFE-094A49E12B46}.Release|x86.Build.0 = Release|Any CPU
		{61E51020-2028-4CC9-8299-F55FDCE31020}.Debug|Any CPU.ActiveCfg = Debug|Any CPU
		{61E51020-2028-4CC9-8299-F55FDCE31020}.Debug|Any CPU.Build.0 = Debug|Any CPU
		{61E51020-2028-4CC9-8299-F55FDCE31020}.Debug|x64.ActiveCfg = Debug|Any CPU
		{61E51020-2028-4CC9-8299-F55FDCE31020}.Debug|x64.Build.0 = Debug|Any CPU
		{61E51020-2028-4CC9-8299-F55FDCE31020}.Debug|x86.ActiveCfg = Debug|Any CPU
		{61E51020-2028-4CC9-8299-F55FDCE31020}.Debug|x86.Build.0 = Debug|Any CPU
		{61E51020-2028-4CC9-8299-F55FDCE31020}.Release|Any CPU.ActiveCfg = Release|Any CPU
		{61E51020-2028-4CC9-8299-F55FDCE31020}.Release|Any CPU.Build.0 = Release|Any CPU
		{61E51020-2028-4CC9-8299-F55FDCE31020}.Release|x64.ActiveCfg = Release|Any CPU
		{61E51020-2028-4CC9-8299-F55FDCE31020}.Release|x64.Build.0 = Release|Any CPU
		{61E51020-2028-4CC9-8299-F55FDCE31020}.Release|x86.ActiveCfg = Release|Any CPU
		{61E51020-2028-4CC9-8299-F55FDCE31020}.Release|x86.Build.0 = Release|Any CPU
		{20C33C15-6DD0-4CEC-895E-33261D61BB32}.Debug|Any CPU.ActiveCfg = Debug|Any CPU
		{20C33C15-6DD0-4CEC-895E-33261D61BB32}.Debug|Any CPU.Build.0 = Debug|Any CPU
		{20C33C15-6DD0-4CEC-895E-33261D61BB32}.Debug|x64.ActiveCfg = Debug|Any CPU
		{20C33C15-6DD0-4CEC-895E-33261D61BB32}.Debug|x64.Build.0 = Debug|Any CPU
		{20C33C15-6DD0-4CEC-895E-33261D61BB32}.Debug|x86.ActiveCfg = Debug|Any CPU
		{20C33C15-6DD0-4CEC-895E-33261D61BB32}.Debug|x86.Build.0 = Debug|Any CPU
		{20C33C15-6DD0-4CEC-895E-33261D61BB32}.Release|Any CPU.ActiveCfg = Release|Any CPU
		{20C33C15-6DD0-4CEC-895E-33261D61BB32}.Release|Any CPU.Build.0 = Release|Any CPU
		{20C33C15-6DD0-4CEC-895E-33261D61BB32}.Release|x64.ActiveCfg = Release|Any CPU
		{20C33C15-6DD0-4CEC-895E-33261D61BB32}.Release|x64.Build.0 = Release|Any CPU
		{20C33C15-6DD0-4CEC-895E-33261D61BB32}.Release|x86.ActiveCfg = Release|Any CPU
		{20C33C15-6DD0-4CEC-895E-33261D61BB32}.Release|x86.Build.0 = Release|Any CPU
		{2256145C-A5B1-4089-801B-668CCF0A3D3E}.Debug|Any CPU.ActiveCfg = Debug|Any CPU
		{2256145C-A5B1-4089-801B-668CCF0A3D3E}.Debug|Any CPU.Build.0 = Debug|Any CPU
		{2256145C-A5B1-4089-801B-668CCF0A3D3E}.Debug|x64.ActiveCfg = Debug|Any CPU
		{2256145C-A5B1-4089-801B-668CCF0A3D3E}.Debug|x64.Build.0 = Debug|Any CPU
		{2256145C-A5B1-4089-801B-668CCF0A3D3E}.Debug|x86.ActiveCfg = Debug|Any CPU
		{2256145C-A5B1-4089-801B-668CCF0A3D3E}.Debug|x86.Build.0 = Debug|Any CPU
		{2256145C-A5B1-4089-801B-668CCF0A3D3E}.Release|Any CPU.ActiveCfg = Release|Any CPU
		{2256145C-A5B1-4089-801B-668CCF0A3D3E}.Release|Any CPU.Build.0 = Release|Any CPU
		{2256145C-A5B1-4089-801B-668CCF0A3D3E}.Release|x64.ActiveCfg = Release|Any CPU
		{2256145C-A5B1-4089-801B-668CCF0A3D3E}.Release|x64.Build.0 = Release|Any CPU
		{2256145C-A5B1-4089-801B-668CCF0A3D3E}.Release|x86.ActiveCfg = Release|Any CPU
		{2256145C-A5B1-4089-801B-668CCF0A3D3E}.Release|x86.Build.0 = Release|Any CPU
		{D15AB2C7-216A-4F51-A540-6E85C96582EE}.Debug|Any CPU.ActiveCfg = Debug|Any CPU
		{D15AB2C7-216A-4F51-A540-6E85C96582EE}.Debug|Any CPU.Build.0 = Debug|Any CPU
		{D15AB2C7-216A-4F51-A540-6E85C96582EE}.Debug|x64.ActiveCfg = Debug|Any CPU
		{D15AB2C7-216A-4F51-A540-6E85C96582EE}.Debug|x64.Build.0 = Debug|Any CPU
		{D15AB2C7-216A-4F51-A540-6E85C96582EE}.Debug|x86.ActiveCfg = Debug|Any CPU
		{D15AB2C7-216A-4F51-A540-6E85C96582EE}.Debug|x86.Build.0 = Debug|Any CPU
		{D15AB2C7-216A-4F51-A540-6E85C96582EE}.Release|Any CPU.ActiveCfg = Release|Any CPU
		{D15AB2C7-216A-4F51-A540-6E85C96582EE}.Release|Any CPU.Build.0 = Release|Any CPU
		{D15AB2C7-216A-4F51-A540-6E85C96582EE}.Release|x64.ActiveCfg = Release|Any CPU
		{D15AB2C7-216A-4F51-A540-6E85C96582EE}.Release|x64.Build.0 = Release|Any CPU
		{D15AB2C7-216A-4F51-A540-6E85C96582EE}.Release|x86.ActiveCfg = Release|Any CPU
		{D15AB2C7-216A-4F51-A540-6E85C96582EE}.Release|x86.Build.0 = Release|Any CPU
	EndGlobalSection
	GlobalSection(SolutionProperties) = preSolution
		HideSolutionNode = FALSE
	EndGlobalSection
	GlobalSection(NestedProjects) = preSolution
		{6ECCD57F-17DE-4FA7-BBFE-094A49E12B46} = {827E0CD3-B72D-47B6-A68D-7590B98EB39B}
		{61E51020-2028-4CC9-8299-F55FDCE31020} = {827E0CD3-B72D-47B6-A68D-7590B98EB39B}
		{20C33C15-6DD0-4CEC-895E-33261D61BB32} = {827E0CD3-B72D-47B6-A68D-7590B98EB39B}
		{2256145C-A5B1-4089-801B-668CCF0A3D3E} = {827E0CD3-B72D-47B6-A68D-7590B98EB39B}
		{023EFB13-7F73-466F-A05D-C5D8301DC35F} = {02EA681E-C7D8-13C7-8484-4AC65E1B71E8}
		{D15AB2C7-216A-4F51-A540-6E85C96582EE} = {0AB3BF05-4346-4AA6-1389-037BE0695223}
	EndGlobalSection
	GlobalSection(ExtensibilityGlobals) = postSolution
		SolutionGuid = {BF2AF871-407C-481A-A015-0CFB0DDA5381}
	EndGlobalSection
EndGlobal
